// !$*UTF8*$!
{
	archiveVersion = 1;
	classes = {
	};
	objectVersion = 46;
	objects = {

/* Begin PBXBuildFile section */
		3A4E843A1CB2EB0600E7E1BD /* AppDelegate.swift in Sources */ = {isa = PBXBuildFile; fileRef = 3A4E84391CB2EB0600E7E1BD /* AppDelegate.swift */; };
		3A4E843C1CB2EB0600E7E1BD /* ViewController.swift in Sources */ = {isa = PBXBuildFile; fileRef = 3A4E843B1CB2EB0600E7E1BD /* ViewController.swift */; };
		3A4E843F1CB2EB0600E7E1BD /* Main.storyboard in Resources */ = {isa = PBXBuildFile; fileRef = 3A4E843D1CB2EB0600E7E1BD /* Main.storyboard */; };
		3A4E84411CB2EB0600E7E1BD /* Assets.xcassets in Resources */ = {isa = PBXBuildFile; fileRef = 3A4E84401CB2EB0600E7E1BD /* Assets.xcassets */; };
		3A4E84441CB2EB0600E7E1BD /* LaunchScreen.storyboard in Resources */ = {isa = PBXBuildFile; fileRef = 3A4E84421CB2EB0600E7E1BD /* LaunchScreen.storyboard */; };
		3A4E844D1CB2EBCE00E7E1BD /* MMACodeReader.swift in Sources */ = {isa = PBXBuildFile; fileRef = 3A4E844C1CB2EBCE00E7E1BD /* MMACodeReader.swift */; };
/* End PBXBuildFile section */

/* Begin PBXFileReference section */
		3A4E84361CB2EB0500E7E1BD /* MMACodeReader.app */ = {isa = PBXFileReference; explicitFileType = wrapper.application; includeInIndex = 0; path = MMACodeReader.app; sourceTree = BUILT_PRODUCTS_DIR; };
		3A4E84391CB2EB0600E7E1BD /* AppDelegate.swift */ = {isa = PBXFileReference; lastKnownFileType = sourcecode.swift; path = AppDelegate.swift; sourceTree = "<group>"; };
		3A4E843B1CB2EB0600E7E1BD /* ViewController.swift */ = {isa = PBXFileReference; lastKnownFileType = sourcecode.swift; path = ViewController.swift; sourceTree = "<group>"; };
		3A4E843E1CB2EB0600E7E1BD /* Base */ = {isa = PBXFileReference; lastKnownFileType = file.storyboard; name = Base; path = Base.lproj/Main.storyboard; sourceTree = "<group>"; };
		3A4E84401CB2EB0600E7E1BD /* Assets.xcassets */ = {isa = PBXFileReference; lastKnownFileType = folder.assetcatalog; path = Assets.xcassets; sourceTree = "<group>"; };
		3A4E84431CB2EB0600E7E1BD /* Base */ = {isa = PBXFileReference; lastKnownFileType = file.storyboard; name = Base; path = Base.lproj/LaunchScreen.storyboard; sourceTree = "<group>"; };
		3A4E84451CB2EB0600E7E1BD /* Info.plist */ = {isa = PBXFileReference; lastKnownFileType = text.plist.xml; path = Info.plist; sourceTree = "<group>"; };
		3A4E844C1CB2EBCE00E7E1BD /* MMACodeReader.swift */ = {isa = PBXFileReference; fileEncoding = 4; lastKnownFileType = sourcecode.swift; path = MMACodeReader.swift; sourceTree = "<group>"; };
/* End PBXFileReference section */

/* Begin PBXFrameworksBuildPhase section */
		3A4E84331CB2EB0500E7E1BD /* Frameworks */ = {
			isa = PBXFrameworksBuildPhase;
			buildActionMask = 2147483647;
			files = (
			);
			runOnlyForDeploymentPostprocessing = 0;
		};
/* End PBXFrameworksBuildPhase section */

/* Begin PBXGroup section */
		3A4E842D1CB2EB0500E7E1BD = {
			isa = PBXGroup;
			children = (
				3A4E84381CB2EB0600E7E1BD /* MMACodeReader */,
				3A4E84371CB2EB0500E7E1BD /* Products */,
			);
			sourceTree = "<group>";
		};
		3A4E84371CB2EB0500E7E1BD /* Products */ = {
			isa = PBXGroup;
			children = (
				3A4E84361CB2EB0500E7E1BD /* MMACodeReader.app */,
			);
			name = Products;
			sourceTree = "<group>";
		};
		3A4E84381CB2EB0600E7E1BD /* MMACodeReader */ = {
			isa = PBXGroup;
			children = (
				3A4E84391CB2EB0600E7E1BD /* AppDelegate.swift */,
				3A4E843B1CB2EB0600E7E1BD /* ViewController.swift */,
				3A4E844B1CB2EBCE00E7E1BD /* MMACodeReader */,
				3A4E843D1CB2EB0600E7E1BD /* Main.storyboard */,
				3A4E84401CB2EB0600E7E1BD /* Assets.xcassets */,
				3A4E84421CB2EB0600E7E1BD /* LaunchScreen.storyboard */,
				3A4E84451CB2EB0600E7E1BD /* Info.plist */,
			);
			path = MMACodeReader;
			sourceTree = "<group>";
		};
		3A4E844B1CB2EBCE00E7E1BD /* MMACodeReader */ = {
			isa = PBXGroup;
			children = (
				3A4E844C1CB2EBCE00E7E1BD /* MMACodeReader.swift */,
			);
			path = MMACodeReader;
			sourceTree = "<group>";
		};
/* End PBXGroup section */

/* Begin PBXNativeTarget section */
		3A4E84351CB2EB0500E7E1BD /* MMACodeReader */ = {
			isa = PBXNativeTarget;
			buildConfigurationList = 3A4E84481CB2EB0600E7E1BD /* Build configuration list for PBXNativeTarget "MMACodeReader" */;
			buildPhases = (
				3A4E84321CB2EB0500E7E1BD /* Sources */,
				3A4E84331CB2EB0500E7E1BD /* Frameworks */,
				3A4E84341CB2EB0500E7E1BD /* Resources */,
			);
			buildRules = (
			);
			dependencies = (
			);
			name = MMACodeReader;
			productName = MMACodeReader;
			productReference = 3A4E84361CB2EB0500E7E1BD /* MMACodeReader.app */;
			productType = "com.apple.product-type.application";
		};
/* End PBXNativeTarget section */

/* Begin PBXProject section */
		3A4E842E1CB2EB0500E7E1BD /* Project object */ = {
			isa = PBXProject;
			attributes = {
				LastSwiftUpdateCheck = 0730;
				LastUpgradeCheck = 0730;
				ORGANIZATIONNAME = MMApps;
				TargetAttributes = {
					3A4E84351CB2EB0500E7E1BD = {
						CreatedOnToolsVersion = 7.3;
					};
				};
			};
			buildConfigurationList = 3A4E84311CB2EB0500E7E1BD /* Build configuration list for PBXProject "MMACodeReader" */;
			compatibilityVersion = "Xcode 3.2";
			developmentRegion = English;
			hasScannedForEncodings = 0;
			knownRegions = (
				en,
				Base,
			);
			mainGroup = 3A4E842D1CB2EB0500E7E1BD;
			productRefGroup = 3A4E84371CB2EB0500E7E1BD /* Products */;
			projectDirPath = "";
			projectRoot = "";
			targets = (
				3A4E84351CB2EB0500E7E1BD /* MMACodeReader */,
			);
		};
/* End PBXProject section */

/* Begin PBXResourcesBuildPhase section */
		3A4E84341CB2EB0500E7E1BD /* Resources */ = {
			isa = PBXResourcesBuildPhase;
			buildActionMask = 2147483647;
			files = (
				3A4E84441CB2EB0600E7E1BD /* LaunchScreen.storyboard in Resources */,
				3A4E84411CB2EB0600E7E1BD /* Assets.xcassets in Resources */,
				3A4E843F1CB2EB0600E7E1BD /* Main.storyboard in Resources */,
			);
			runOnlyForDeploymentPostprocessing = 0;
		};
/* End PBXResourcesBuildPhase section */

/* Begin PBXSourcesBuildPhase section */
		3A4E84321CB2EB0500E7E1BD /* Sources */ = {
			isa = PBXSourcesBuildPhase;
			buildActionMask = 2147483647;
			files = (
				3A4E843C1CB2EB0600E7E1BD /* ViewController.swift in Sources */,
				3A4E844D1CB2EBCE00E7E1BD /* MMACodeReader.swift in Sources */,
				3A4E843A1CB2EB0600E7E1BD /* AppDelegate.swift in Sources */,
			);
			runOnlyForDeploymentPostprocessing = 0;
		};
/* End PBXSourcesBuildPhase section */

/* Begin PBXVariantGroup section */
		3A4E843D1CB2EB0600E7E1BD /* Main.storyboard */ = {
			isa = PBXVariantGroup;
			children = (
				3A4E843E1CB2EB0600E7E1BD /* Base */,
			);
			name = Main.storyboard;
			sourceTree = "<group>";
		};
		3A4E84421CB2EB0600E7E1BD /* LaunchScreen.storyboard */ = {
			isa = PBXVariantGroup;
			children = (
				3A4E84431CB2EB0600E7E1BD /* Base */,
			);
			name = LaunchScreen.storyboard;
			sourceTree = "<group>";
		};
/* End PBXVariantGroup section */

/* Begin XCBuildConfiguration section */
		3A4E84461CB2EB0600E7E1BD /* Debug */ = {
			isa = XCBuildConfiguration;
			buildSettings = {
				ALWAYS_SEARCH_USER_PATHS = NO;
				CLANG_ANALYZER_NONNULL = YES;
				CLANG_CXX_LANGUAGE_STANDARD = "gnu++0x";
				CLANG_CXX_LIBRARY = "libc++";
				CLANG_ENABLE_MODULES = YES;
				CLANG_ENABLE_OBJC_ARC = YES;
				CLANG_WARN_BOOL_CONVERSION = YES;
				CLANG_WARN_CONSTANT_CONVERSION = YES;
				CLANG_WARN_DIRECT_OBJC_ISA_USAGE = YES_ERROR;
				CLANG_WARN_EMPTY_BODY = YES;
				CLANG_WARN_ENUM_CONVERSION = YES;
				CLANG_WARN_INT_CONVERSION = YES;
				CLANG_WARN_OBJC_ROOT_CLASS = YES_ERROR;
				CLANG_WARN_UNREACHABLE_CODE = YES;
				CLANG_WARN__DUPLICATE_METHOD_MATCH = YES;
				"CODE_SIGN_IDENTITY[sdk=iphoneos*]" = "iPhone Developer";
				COPY_PHASE_STRIP = NO;
				DEBUG_INFORMATION_FORMAT = dwarf;
				ENABLE_STRICT_OBJC_MSGSEND = YES;
				ENABLE_TESTABILITY = YES;
				GCC_C_LANGUAGE_STANDARD = gnu99;
				GCC_DYNAMIC_NO_PIC = NO;
				GCC_NO_COMMON_BLOCKS = YES;
				GCC_OPTIMIZATION_LEVEL = 0;
				GCC_PREPROCESSOR_DEFINITIONS = (
					"DEBUG=1",
					"$(inherited)",
				);
				GCC_WARN_64_TO_32_BIT_CONVERSION = YES;
				GCC_WARN_ABOUT_RETURN_TYPE = YES_ERROR;
				GCC_WARN_UNDECLARED_SELECTOR = YES;
				GCC_WARN_UNINITIALIZED_AUTOS = YES_AGGRESSIVE;
				GCC_WARN_UNUSED_FUNCTION = YES;
				GCC_WARN_UNUSED_VARIABLE = YES;
				IPHONEOS_DEPLOYMENT_TARGET = 9.3;
				MTL_ENABLE_DEBUG_INFO = YES;
				ONLY_ACTIVE_ARCH = YES;
				SDKROOT = iphoneos;
				SWIFT_OPTIMIZATION_LEVEL = "-Onone";
				TARGETED_DEVICE_FAMILY = "1,2";
			};
			name = Debug;
		};
		3A4E84471CB2EB0600E7E1BD /* Release */ = {
			isa = XCBuildConfiguration;
			buildSettings = {
				ALWAYS_SEARCH_USER_PATHS = NO;
				CLANG_ANALYZER_NONNULL = YES;
				CLANG_CXX_LANGUAGE_STANDARD = "gnu++0x";
				CLANG_CXX_LIBRARY = "libc++";
				CLANG_ENABLE_MODULES = YES;
				CLANG_ENABLE_OBJC_ARC = YES;
				CLANG_WARN_BOOL_CONVERSION = YES;
				CLANG_WARN_CONSTANT_CONVERSION = YES;
				CLANG_WARN_DIRECT_OBJC_ISA_USAGE = YES_ERROR;
				CLANG_WARN_EMPTY_BODY = YES;
				CLANG_WARN_ENUM_CONVERSION = YES;
				CLANG_WARN_INT_CONVERSION = YES;
				CLANG_WARN_OBJC_ROOT_CLASS = YES_ERROR;
				CLANG_WARN_UNREACHABLE_CODE = YES;
				CLANG_WARN__DUPLICATE_METHOD_MATCH = YES;
				"CODE_SIGN_IDENTITY[sdk=iphoneos*]" = "iPhone Developer";
				COPY_PHASE_STRIP = NO;
				DEBUG_INFORMATION_FORMAT = "dwarf-with-dsym";
				ENABLE_NS_ASSERTIONS = NO;
				ENABLE_STRICT_OBJC_MSGSEND = YES;
				GCC_C_LANGUAGE_STANDARD = gnu99;
				GCC_NO_COMMON_BLOCKS = YES;
				GCC_WARN_64_TO_32_BIT_CONVERSION = YES;
				GCC_WARN_ABOUT_RETURN_TYPE = YES_ERROR;
				GCC_WARN_UNDECLARED_SELECTOR = YES;
				GCC_WARN_UNINITIALIZED_AUTOS = YES_AGGRESSIVE;
				GCC_WARN_UNUSED_FUNCTION = YES;
				GCC_WARN_UNUSED_VARIABLE = YES;
				IPHONEOS_DEPLOYMENT_TARGET = 9.3;
				MTL_ENABLE_DEBUG_INFO = NO;
				SDKROOT = iphoneos;
				TARGETED_DEVICE_FAMILY = "1,2";
				VALIDATE_PRODUCT = YES;
			};
			name = Release;
		};
		3A4E84491CB2EB0600E7E1BD /* Debug */ = {
			isa = XCBuildConfiguration;
			buildSettings = {
				ASSETCATALOG_COMPILER_APPICON_NAME = AppIcon;
				INFOPLIST_FILE = MMACodeReader/Info.plist;
				LD_RUNPATH_SEARCH_PATHS = "$(inherited) @executable_path/Frameworks";
				PRODUCT_BUNDLE_IDENTIFIER = com.mmapps.examples.MMACodeReader;
				PRODUCT_NAME = "$(TARGET_NAME)";
			};
			name = Debug;
		};
		3A4E844A1CB2EB0600E7E1BD /* Release */ = {
			isa = XCBuildConfiguration;
			buildSettings = {
				ASSETCATALOG_COMPILER_APPICON_NAME = AppIcon;
				INFOPLIST_FILE = MMACodeReader/Info.plist;
				LD_RUNPATH_SEARCH_PATHS = "$(inherited) @executable_path/Frameworks";
				PRODUCT_BUNDLE_IDENTIFIER = com.mmapps.examples.MMACodeReader;
				PRODUCT_NAME = "$(TARGET_NAME)";
			};
			name = Release;
		};
/* End XCBuildConfiguration section */

/* Begin XCConfigurationList section */
		3A4E84311CB2EB0500E7E1BD /* Build configuration list for PBXProject "MMACodeReader" */ = {
			isa = XCConfigurationList;
			buildConfigurations = (
				3A4E84461CB2EB0600E7E1BD /* Debug */,
				3A4E84471CB2EB0600E7E1BD /* Release */,
			);
			defaultConfigurationIsVisible = 0;
			defaultConfigurationName = Release;
		};
		3A4E84481CB2EB0600E7E1BD /* Build configuration list for PBXNativeTarget "MMACodeReader" */ = {
			isa = XCConfigurationList;
			buildConfigurations = (
				3A4E84491CB2EB0600E7E1BD /* Debug */,
				3A4E844A1CB2EB0600E7E1BD /* Release */,
			);
			defaultConfigurationIsVisible = 0;
		};
/* End XCConfigurationList section */
	};
	rootObject = 3A4E842E1CB2EB0500E7E1BD /* Project object */;
}
